github.com/akamensky/argparse v1.4.0 h1:YGzvsTqCvbEZhL8zZu2AiA5nq805NZh75JNj4ajn1xc=
github.com/akamensky/argparse v1.4.0/go.mod h1:S5kwC7IuDcEr5VeXtGPRVZ5o/FdhcMlQz4IZQuw64xA=
github.com/umbralcalc/stochadex v0.0.0-20230421064855-eb9284b8bc96 h1:h1weyj5ubejZGRCXPaPc7NUPjz95f3XqofSfoiRL7K8=
github.com/umbralcalc/stochadex v0.0.0-20230421064855-eb9284b8bc96/go.mod h1:undJJ5Pvgey8I9TokL1/YJpIKL0pBnIU9slkSFBKyJs=
golang.org/x/exp v0.0.0-20230420155640-133eef4313cb h1:rhjz/8Mbfa8xROFiH+MQphmAmgqRM0bOMnytznhWEXk=
golang.org/x/exp v0.0.0-20230420155640-133eef4313cb/go.mod h1:V1LtkGg67GoY2N1AnLN78QLrzxkLyJw7RJb1gzOOz9w=
gonum.org/v1/gonum v0.12.0 h1:xKuo6hzt+gMav00meVPUlXwSdoEJP46BR+wdxQEFK2o=
gonum.org/v1/gonum v0.12.0/go.mod h1:73TDxJfAAHeA8Mk9mf8NlIppyhQNo5GLTcYeqgo2lvY=
gopkg.in/check.v1 v0.0.0-20161208181325-20d25e280405 h1:yhCVgyC4o1eVCa2tZl7eS0r+SDo693bJlVdllGtEeKM=
gopkg.in/check.v1 v0.0.0-20161208181325-20d25e280405/go.mod h1:Co6ibVJAznAaIkqp8huTwlJQCZ016jof/cbN4VW5Yz0=
gopkg.in/yaml.v2 v2.4.0 h1:D8xgwECY7CYvx+Y2n4sBz93Jn9JRvxdiyyo8CTfuKaY=
gopkg.in/yaml.v2 v2.4.0/go.mod h1:RDklbk79AGWmwhnvt/jBztapEOGDOx6ZbXqjP6csGnQ=
scientificgo.org/special v0.0.0 h1:P6WJkECo6tgtvZAEfNXl+KEB9ReAatjKAeX8U07mjSc=
scientificgo.org/special v0.0.0/go.mod h1:LoGVh9tS431RLTJo7gFlYDKFWq44cEb7QqL+M0EKtZU=
scientificgo.org/testutil v0.0.0 h1:y356DHRo0tAz9zIFmxlhZoKDlHPHaWW/DCm9k3PhIMA=
scientificgo.org/testutil v0.0.0/go.mod h1:Go6R4b+9YkFocMo3H3vNQ7tjbrX9Rc12wal7NZjvPXg=
